// !$*UTF8*$!
{
	archiveVersion = 1;
	classes = {
	};
	objectVersion = 56;
	objects = {

/* Begin PBXBuildFile section */
		A87830AD2D0993ED00C6EA28 /* SceneDelegate.swift in Sources */ = {isa = PBXBuildFile; fileRef = A87830A82D0993ED00C6EA28 /* SceneDelegate.swift */; };
		A87830AE2D0993ED00C6EA28 /* PoemViewController.swift in Sources */ = {isa = PBXBuildFile; fileRef = A87830A92D0993ED00C6EA28 /* PoemViewController.swift */; };
		A87830AF2D0993ED00C6EA28 /* ProfileViewController.swift in Sources */ = {isa = PBXBuildFile; fileRef = A87830AA2D0993ED00C6EA28 /* ProfileViewController.swift */; };
		A87830B02D0993ED00C6EA28 /* ImageViewController.swift in Sources */ = {isa = PBXBuildFile; fileRef = A87830AB2D0993ED00C6EA28 /* ImageViewController.swift */; };
		A87830B12D0993ED00C6EA28 /* TabBarController.swift in Sources */ = {isa = PBXBuildFile; fileRef = A87830AC2D0993ED00C6EA28 /* TabBarController.swift */; };
		A87830B42D099EA500C6EA28 /* UIViewController+RandomBackground.swift in Sources */ = {isa = PBXBuildFile; fileRef = A87830B22D099EA500C6EA28 /* UIViewController+RandomBackground.swift */; };
		A87830B62D099F9700C6EA28 /* FullscreenImageViewController.swift in Sources */ = {isa = PBXBuildFile; fileRef = A87830B52D099F9600C6EA28 /* FullscreenImageViewController.swift */; };
		A8E3FF222CE342B700D99766 /* AppDelegate.swift in Sources */ = {isa = PBXBuildFile; fileRef = A8E3FF212CE342B700D99766 /* AppDelegate.swift */; };
		A8E3FF242CE342B700D99766 /* SceneDelegate.swift in Sources */ = {isa = PBXBuildFile; fileRef = A8E3FF232CE342B700D99766 /* SceneDelegate.swift */; };
		A8E3FF292CE342B700D99766 /* Base in Resources */ = {isa = PBXBuildFile; fileRef = A8E3FF282CE342B700D99766 /* Base */; };
		A8E3FF2C2CE342B700D99766 /* Pome.xcdatamodeld in Sources */ = {isa = PBXBuildFile; fileRef = A8E3FF2A2CE342B700D99766 /* Pome.xcdatamodeld */; };
		A8E3FF2E2CE342B900D99766 /* Assets.xcassets in Resources */ = {isa = PBXBuildFile; fileRef = A8E3FF2D2CE342B900D99766 /* Assets.xcassets */; };
		A8E3FF312CE342B900D99766 /* Base in Resources */ = {isa = PBXBuildFile; fileRef = A8E3FF302CE342B900D99766 /* Base */; };
		A8E3FF3C2CE342B900D99766 /* PomeTests.swift in Sources */ = {isa = PBXBuildFile; fileRef = A8E3FF3B2CE342B900D99766 /* PomeTests.swift */; };
		A8E3FF462CE342B900D99766 /* PomeUITests.swift in Sources */ = {isa = PBXBuildFile; fileRef = A8E3FF452CE342B900D99766 /* PomeUITests.swift */; };
		A8E3FF482CE342B900D99766 /* PomeUITestsLaunchTests.swift in Sources */ = {isa = PBXBuildFile; fileRef = A8E3FF472CE342B900D99766 /* PomeUITestsLaunchTests.swift */; };
/* End PBXBuildFile section */

/* Begin PBXContainerItemProxy section */
		A8E3FF382CE342B900D99766 /* PBXContainerItemProxy */ = {
			isa = PBXContainerItemProxy;
			containerPortal = A8E3FF162CE342B700D99766 /* Project object */;
			proxyType = 1;
			remoteGlobalIDString = A8E3FF1D2CE342B700D99766;
			remoteInfo = Pome;
		};
		A8E3FF422CE342B900D99766 /* PBXContainerItemProxy */ = {
			isa = PBXContainerItemProxy;
			containerPortal = A8E3FF162CE342B700D99766 /* Project object */;
			proxyType = 1;
			remoteGlobalIDString = A8E3FF1D2CE342B700D99766;
			remoteInfo = Pome;
		};
/* End PBXContainerItemProxy section */

/* Begin PBXFileReference section */
		A87830A82D0993ED00C6EA28 /* SceneDelegate.swift */ = {isa = PBXFileReference; fileEncoding = 4; lastKnownFileType = sourcecode.swift; path = SceneDelegate.swift; sourceTree = "<group>"; };
		A87830A92D0993ED00C6EA28 /* PoemViewController.swift */ = {isa = PBXFileReference; fileEncoding = 4; lastKnownFileType = sourcecode.swift; path = PoemViewController.swift; sourceTree = "<group>"; };
		A87830AA2D0993ED00C6EA28 /* ProfileViewController.swift */ = {isa = PBXFileReference; fileEncoding = 4; lastKnownFileType = sourcecode.swift; path = ProfileViewController.swift; sourceTree = "<group>"; };
		A87830AB2D0993ED00C6EA28 /* ImageViewController.swift */ = {isa = PBXFileReference; fileEncoding = 4; lastKnownFileType = sourcecode.swift; path = ImageViewController.swift; sourceTree = "<group>"; };
		A87830AC2D0993ED00C6EA28 /* TabBarController.swift */ = {isa = PBXFileReference; fileEncoding = 4; lastKnownFileType = sourcecode.swift; path = TabBarController.swift; sourceTree = "<group>"; };
		A87830B22D099EA500C6EA28 /* UIViewController+RandomBackground.swift */ = {isa = PBXFileReference; fileEncoding = 4; lastKnownFileType = sourcecode.swift; path = "UIViewController+RandomBackground.swift"; sourceTree = "<group>"; };
		A87830B52D099F9600C6EA28 /* FullscreenImageViewController.swift */ = {isa = PBXFileReference; fileEncoding = 4; lastKnownFileType = sourcecode.swift; path = FullscreenImageViewController.swift; sourceTree = "<group>"; };
		A8E3FF1E2CE342B700D99766 /* Pome.app */ = {isa = PBXFileReference; explicitFileType = wrapper.application; includeInIndex = 0; path = Pome.app; sourceTree = BUILT_PRODUCTS_DIR; };
		A8E3FF212CE342B700D99766 /* AppDelegate.swift */ = {isa = PBXFileReference; lastKnownFileType = sourcecode.swift; path = AppDelegate.swift; sourceTree = "<group>"; };
		A8E3FF232CE342B700D99766 /* SceneDelegate.swift */ = {isa = PBXFileReference; lastKnownFileType = sourcecode.swift; path = SceneDelegate.swift; sourceTree = "<group>"; };
		A8E3FF282CE342B700D99766 /* Base */ = {isa = PBXFileReference; lastKnownFileType = file.storyboard; name = Base; path = Base.lproj/Main.storyboard; sourceTree = "<group>"; };
		A8E3FF2B2CE342B700D99766 /* Pome.xcdatamodel */ = {isa = PBXFileReference; lastKnownFileType = wrapper.xcdatamodel; path = Pome.xcdatamodel; sourceTree = "<group>"; };
		A8E3FF2D2CE342B900D99766 /* Assets.xcassets */ = {isa = PBXFileReference; lastKnownFileType = folder.assetcatalog; path = Assets.xcassets; sourceTree = "<group>"; };
		A8E3FF302CE342B900D99766 /* Base */ = {isa = PBXFileReference; lastKnownFileType = file.storyboard; name = Base; path = Base.lproj/LaunchScreen.storyboard; sourceTree = "<group>"; };
		A8E3FF322CE342B900D99766 /* Info.plist */ = {isa = PBXFileReference; lastKnownFileType = text.plist.xml; path = Info.plist; sourceTree = "<group>"; };
		A8E3FF372CE342B900D99766 /* PomeTests.xctest */ = {isa = PBXFileReference; explicitFileType = wrapper.cfbundle; includeInIndex = 0; path = PomeTests.xctest; sourceTree = BUILT_PRODUCTS_DIR; };
		A8E3FF3B2CE342B900D99766 /* PomeTests.swift */ = {isa = PBXFileReference; lastKnownFileType = sourcecode.swift; path = PomeTests.swift; sourceTree = "<group>"; };
		A8E3FF412CE342B900D99766 /* PomeUITests.xctest */ = {isa = PBXFileReference; explicitFileType = wrapper.cfbundle; includeInIndex = 0; path = PomeUITests.xctest; sourceTree = BUILT_PRODUCTS_DIR; };
		A8E3FF452CE342B900D99766 /* PomeUITests.swift */ = {isa = PBXFileReference; lastKnownFileType = sourcecode.swift; path = PomeUITests.swift; sourceTree = "<group>"; };
		A8E3FF472CE342B900D99766 /* PomeUITestsLaunchTests.swift */ = {isa = PBXFileReference; lastKnownFileType = sourcecode.swift; path = PomeUITestsLaunchTests.swift; sourceTree = "<group>"; };
/* End PBXFileReference section */

/* Begin PBXFrameworksBuildPhase section */
		A8E3FF1B2CE342B700D99766 /* Frameworks */ = {
			isa = PBXFrameworksBuildPhase;
			buildActionMask = 2147483647;
			files = (
			);
			runOnlyForDeploymentPostprocessing = 0;
		};
		A8E3FF342CE342B900D99766 /* Frameworks */ = {
			isa = PBXFrameworksBuildPhase;
			buildActionMask = 2147483647;
			files = (
			);
			runOnlyForDeploymentPostprocessing = 0;
		};
		A8E3FF3E2CE342B900D99766 /* Frameworks */ = {
			isa = PBXFrameworksBuildPhase;
			buildActionMask = 2147483647;
			files = (
			);
			runOnlyForDeploymentPostprocessing = 0;
		};
/* End PBXFrameworksBuildPhase section */

/* Begin PBXGroup section */
		A87830B32D099EA500C6EA28 /* Extensions */ = {
			isa = PBXGroup;
			children = (
				A87830B22D099EA500C6EA28 /* UIViewController+RandomBackground.swift */,
			);
			path = Extensions;
			sourceTree = "<group>";
		};
		A8E3FF152CE342B700D99766 = {
			isa = PBXGroup;
			children = (
				A8E3FF202CE342B700D99766 /* Pome */,
				A8E3FF3A2CE342B900D99766 /* PomeTests */,
				A8E3FF442CE342B900D99766 /* PomeUITests */,
				A8E3FF1F2CE342B700D99766 /* Products */,
			);
			sourceTree = "<group>";
		};
		A8E3FF1F2CE342B700D99766 /* Products */ = {
			isa = PBXGroup;
			children = (
				A8E3FF1E2CE342B700D99766 /* Pome.app */,
				A8E3FF372CE342B900D99766 /* PomeTests.xctest */,
				A8E3FF412CE342B900D99766 /* PomeUITests.xctest */,
			);
			name = Products;
			sourceTree = "<group>";
		};
		A8E3FF202CE342B700D99766 /* Pome */ = {
			isa = PBXGroup;
			children = (
				A8E3FF212CE342B700D99766 /* AppDelegate.swift */,
				A87830AB2D0993ED00C6EA28 /* ImageViewController.swift */,
				A87830A92D0993ED00C6EA28 /* PoemViewController.swift */,
				A87830AA2D0993ED00C6EA28 /* ProfileViewController.swift */,
				A8E3FF232CE342B700D99766 /* SceneDelegate.swift */,
				A87830A82D0993ED00C6EA28 /* SceneDelegate.swift */,
				A87830AC2D0993ED00C6EA28 /* TabBarController.swift */,
				A87830B52D099F9600C6EA28 /* FullscreenImageViewController.swift */,
				A8E3FF272CE342B700D99766 /* Main.storyboard */,
				A87830B32D099EA500C6EA28 /* Extensions */,
				A8E3FF2D2CE342B900D99766 /* Assets.xcassets */,
				A8E3FF2F2CE342B900D99766 /* LaunchScreen.storyboard */,
				A8E3FF322CE342B900D99766 /* Info.plist */,
				A8E3FF2A2CE342B700D99766 /* Pome.xcdatamodeld */,
			);
			path = Pome;
			sourceTree = "<group>";
		};
		A8E3FF3A2CE342B900D99766 /* PomeTests */ = {
			isa = PBXGroup;
			children = (
				A8E3FF3B2CE342B900D99766 /* PomeTests.swift */,
			);
			path = PomeTests;
			sourceTree = "<group>";
		};
		A8E3FF442CE342B900D99766 /* PomeUITests */ = {
			isa = PBXGroup;
			children = (
				A8E3FF452CE342B900D99766 /* PomeUITests.swift */,
				A8E3FF472CE342B900D99766 /* PomeUITestsLaunchTests.swift */,
			);
			path = PomeUITests;
			sourceTree = "<group>";
		};
/* End PBXGroup section */

/* Begin PBXNativeTarget section */
		A8E3FF1D2CE342B700D99766 /* Pome */ = {
			isa = PBXNativeTarget;
			buildConfigurationList = A8E3FF4B2CE342B900D99766 /* Build configuration list for PBXNativeTarget "Pome" */;
			buildPhases = (
				A8E3FF1A2CE342B700D99766 /* Sources */,
				A8E3FF1B2CE342B700D99766 /* Frameworks */,
				A8E3FF1C2CE342B700D99766 /* Resources */,
			);
			buildRules = (
			);
			dependencies = (
			);
			name = Pome;
			productName = Pome;
			productReference = A8E3FF1E2CE342B700D99766 /* Pome.app */;
			productType = "com.apple.product-type.application";
		};
		A8E3FF362CE342B900D99766 /* PomeTests */ = {
			isa = PBXNativeTarget;
			buildConfigurationList = A8E3FF4E2CE342B900D99766 /* Build configuration list for PBXNativeTarget "PomeTests" */;
			buildPhases = (
				A8E3FF332CE342B900D99766 /* Sources */,
				A8E3FF342CE342B900D99766 /* Frameworks */,
				A8E3FF352CE342B900D99766 /* Resources */,
			);
			buildRules = (
			);
			dependencies = (
				A8E3FF392CE342B900D99766 /* PBXTargetDependency */,
			);
			name = PomeTests;
			productName = PomeTests;
			productReference = A8E3FF372CE342B900D99766 /* PomeTests.xctest */;
			productType = "com.apple.product-type.bundle.unit-test";
		};
		A8E3FF402CE342B900D99766 /* PomeUITests */ = {
			isa = PBXNativeTarget;
			buildConfigurationList = A8E3FF512CE342B900D99766 /* Build configuration list for PBXNativeTarget "PomeUITests" */;
			buildPhases = (
				A8E3FF3D2CE342B900D99766 /* Sources */,
				A8E3FF3E2CE342B900D99766 /* Frameworks */,
				A8E3FF3F2CE342B900D99766 /* Resources */,
			);
			buildRules = (
			);
			dependencies = (
				A8E3FF432CE342B900D99766 /* PBXTargetDependency */,
			);
			name = PomeUITests;
			productName = PomeUITests;
			productReference = A8E3FF412CE342B900D99766 /* PomeUITests.xctest */;
			productType = "com.apple.product-type.bundle.ui-testing";
		};
/* End PBXNativeTarget section */

/* Begin PBXProject section */
		A8E3FF162CE342B700D99766 /* Project object */ = {
			isa = PBXProject;
			attributes = {
				BuildIndependentTargetsInParallel = 1;
				LastSwiftUpdateCheck = 1540;
				LastUpgradeCheck = 1540;
				TargetAttributes = {
					A8E3FF1D2CE342B700D99766 = {
						CreatedOnToolsVersion = 15.4;
					};
					A8E3FF362CE342B900D99766 = {
						CreatedOnToolsVersion = 15.4;
						TestTargetID = A8E3FF1D2CE342B700D99766;
					};
					A8E3FF402CE342B900D99766 = {
						CreatedOnToolsVersion = 15.4;
						TestTargetID = A8E3FF1D2CE342B700D99766;
					};
				};
			};
			buildConfigurationList = A8E3FF192CE342B700D99766 /* Build configuration list for PBXProject "Pome" */;
			compatibilityVersion = "Xcode 14.0";
			developmentRegion = en;
			hasScannedForEncodings = 0;
			knownRegions = (
				en,
				Base,
			);
			mainGroup = A8E3FF152CE342B700D99766;
			productRefGroup = A8E3FF1F2CE342B700D99766 /* Products */;
			projectDirPath = "";
			projectRoot = "";
			targets = (
				A8E3FF1D2CE342B700D99766 /* Pome */,
				A8E3FF362CE342B900D99766 /* PomeTests */,
				A8E3FF402CE342B900D99766 /* PomeUITests */,
			);
		};
/* End PBXProject section */

/* Begin PBXResourcesBuildPhase section */
		A8E3FF1C2CE342B700D99766 /* Resources */ = {
			isa = PBXResourcesBuildPhase;
			buildActionMask = 2147483647;
			files = (
				A8E3FF2E2CE342B900D99766 /* Assets.xcassets in Resources */,
				A8E3FF312CE342B900D99766 /* Base in Resources */,
				A8E3FF292CE342B700D99766 /* Base in Resources */,
			);
			runOnlyForDeploymentPostprocessing = 0;
		};
		A8E3FF352CE342B900D99766 /* Resources */ = {
			isa = PBXResourcesBuildPhase;
			buildActionMask = 2147483647;
			files = (
			);
			runOnlyForDeploymentPostprocessing = 0;
		};
		A8E3FF3F2CE342B900D99766 /* Resources */ = {
			isa = PBXResourcesBuildPhase;
			buildActionMask = 2147483647;
			files = (
			);
			runOnlyForDeploymentPostprocessing = 0;
		};
/* End PBXResourcesBuildPhase section */

/* Begin PBXSourcesBuildPhase section */
		A8E3FF1A2CE342B700D99766 /* Sources */ = {
			isa = PBXSourcesBuildPhase;
			buildActionMask = 2147483647;
			files = (
				A87830AF2D0993ED00C6EA28 /* ProfileViewController.swift in Sources */,
				A87830B42D099EA500C6EA28 /* UIViewController+RandomBackground.swift in Sources */,
				A87830B12D0993ED00C6EA28 /* TabBarController.swift in Sources */,
				A8E3FF222CE342B700D99766 /* AppDelegate.swift in Sources */,
				A87830AE2D0993ED00C6EA28 /* PoemViewController.swift in Sources */,
				A87830B02D0993ED00C6EA28 /* ImageViewController.swift in Sources */,
				A8E3FF2C2CE342B700D99766 /* Pome.xcdatamodeld in Sources */,
				A8E3FF242CE342B700D99766 /* SceneDelegate.swift in Sources */,
				A87830AD2D0993ED00C6EA28 /* SceneDelegate.swift in Sources */,
				A87830B62D099F9700C6EA28 /* FullscreenImageViewController.swift in Sources */,
			);
			runOnlyForDeploymentPostprocessing = 0;
		};
		A8E3FF332CE342B900D99766 /* Sources */ = {
			isa = PBXSourcesBuildPhase;
			buildActionMask = 2147483647;
			files = (
				A8E3FF3C2CE342B900D99766 /* PomeTests.swift in Sources */,
			);
			runOnlyForDeploymentPostprocessing = 0;
		};
		A8E3FF3D2CE342B900D99766 /* Sources */ = {
			isa = PBXSourcesBuildPhase;
			buildActionMask = 2147483647;
			files = (
				A8E3FF462CE342B900D99766 /* PomeUITests.swift in Sources */,
				A8E3FF482CE342B900D99766 /* PomeUITestsLaunchTests.swift in Sources */,
			);
			runOnlyForDeploymentPostprocessing = 0;
		};
/* End PBXSourcesBuildPhase section */

/* Begin PBXTargetDependency section */
		A8E3FF392CE342B900D99766 /* PBXTargetDependency */ = {
			isa = PBXTargetDependency;
			target = A8E3FF1D2CE342B700D99766 /* Pome */;
			targetProxy = A8E3FF382CE342B900D99766 /* PBXContainerItemProxy */;
		};
		A8E3FF432CE342B900D99766 /* PBXTargetDependency */ = {
			isa = PBXTargetDependency;
			target = A8E3FF1D2CE342B700D99766 /* Pome */;
			targetProxy = A8E3FF422CE342B900D99766 /* PBXContainerItemProxy */;
		};
/* End PBXTargetDependency section */

/* Begin PBXVariantGroup section */
		A8E3FF272CE342B700D99766 /* Main.storyboard */ = {
			isa = PBXVariantGroup;
			children = (
				A8E3FF282CE342B700D99766 /* Base */,
			);
			name = Main.storyboard;
			sourceTree = "<group>";
		};
		A8E3FF2F2CE342B900D99766 /* LaunchScreen.storyboard */ = {
			isa = PBXVariantGroup;
			children = (
				A8E3FF302CE342B900D99766 /* Base */,
			);
			name = LaunchScreen.storyboard;
			sourceTree = "<group>";
		};
/* End PBXVariantGroup section */

/* Begin XCBuildConfiguration section */
		A8E3FF492CE342B900D99766 /* Debug */ = {
			isa = XCBuildConfiguration;
			buildSettings = {
				ALWAYS_SEARCH_USER_PATHS = NO;
				ASSETCATALOG_COMPILER_GENERATE_SWIFT_ASSET_SYMBOL_EXTENSIONS = YES;
				CLANG_ANALYZER_NONNULL = YES;
				CLANG_ANALYZER_NUMBER_OBJECT_CONVERSION = YES_AGGRESSIVE;
				CLANG_CXX_LANGUAGE_STANDARD = "gnu++20";
				CLANG_ENABLE_MODULES = YES;
				CLANG_ENABLE_OBJC_ARC = YES;
				CLANG_ENABLE_OBJC_WEAK = YES;
				CLANG_WARN_BLOCK_CAPTURE_AUTORELEASING = YES;
				CLANG_WARN_BOOL_CONVERSION = YES;
				CLANG_WARN_COMMA = YES;
				CLANG_WARN_CONSTANT_CONVERSION = YES;
				CLANG_WARN_DEPRECATED_OBJC_IMPLEMENTATIONS = YES;
				CLANG_WARN_DIRECT_OBJC_ISA_USAGE = YES_ERROR;
				CLANG_WARN_DOCUMENTATION_COMMENTS = YES;
				CLANG_WARN_EMPTY_BODY = YES;
				CLANG_WARN_ENUM_CONVERSION = YES;
				CLANG_WARN_INFINITE_RECURSION = YES;
				CLANG_WARN_INT_CONVERSION = YES;
				CLANG_WARN_NON_LITERAL_NULL_CONVERSION = YES;
				CLANG_WARN_OBJC_IMPLICIT_RETAIN_SELF = YES;
				CLANG_WARN_OBJC_LITERAL_CONVERSION = YES;
				CLANG_WARN_OBJC_ROOT_CLASS = YES_ERROR;
				CLANG_WARN_QUOTED_INCLUDE_IN_FRAMEWORK_HEADER = YES;
				CLANG_WARN_RANGE_LOOP_ANALYSIS = YES;
				CLANG_WARN_STRICT_PROTOTYPES = YES;
				CLANG_WARN_SUSPICIOUS_MOVE = YES;
				CLANG_WARN_UNGUARDED_AVAILABILITY = YES_AGGRESSIVE;
				CLANG_WARN_UNREACHABLE_CODE = YES;
				CLANG_WARN__DUPLICATE_METHOD_MATCH = YES;
				COPY_PHASE_STRIP = NO;
				DEBUG_INFORMATION_FORMAT = dwarf;
				ENABLE_STRICT_OBJC_MSGSEND = YES;
				ENABLE_TESTABILITY = YES;
				ENABLE_USER_SCRIPT_SANDBOXING = YES;
				GCC_C_LANGUAGE_STANDARD = gnu17;
				GCC_DYNAMIC_NO_PIC = NO;
				GCC_NO_COMMON_BLOCKS = YES;
				GCC_OPTIMIZATION_LEVEL = 0;
				GCC_PREPROCESSOR_DEFINITIONS = (
					"DEBUG=1",
					"$(inherited)",
				);
				GCC_WARN_64_TO_32_BIT_CONVERSION = YES;
				GCC_WARN_ABOUT_RETURN_TYPE = YES_ERROR;
				GCC_WARN_UNDECLARED_SELECTOR = YES;
				GCC_WARN_UNINITIALIZED_AUTOS = YES_AGGRESSIVE;
				GCC_WARN_UNUSED_FUNCTION = YES;
				GCC_WARN_UNUSED_VARIABLE = YES;
				IPHONEOS_DEPLOYMENT_TARGET = 17.5;
				LOCALIZATION_PREFERS_STRING_CATALOGS = YES;
				MTL_ENABLE_DEBUG_INFO = INCLUDE_SOURCE;
				MTL_FAST_MATH = YES;
				ONLY_ACTIVE_ARCH = YES;
				SDKROOT = iphoneos;
				SWIFT_ACTIVE_COMPILATION_CONDITIONS = "DEBUG $(inherited)";
				SWIFT_OPTIMIZATION_LEVEL = "-Onone";
			};
			name = Debug;
		};
		A8E3FF4A2CE342B900D99766 /* Release */ = {
			isa = XCBuildConfiguration;
			buildSettings = {
				ALWAYS_SEARCH_USER_PATHS = NO;
				ASSETCATALOG_COMPILER_GENERATE_SWIFT_ASSET_SYMBOL_EXTENSIONS = YES;
				CLANG_ANALYZER_NONNULL = YES;
				CLANG_ANALYZER_NUMBER_OBJECT_CONVERSION = YES_AGGRESSIVE;
				CLANG_CXX_LANGUAGE_STANDARD = "gnu++20";
				CLANG_ENABLE_MODULES = YES;
				CLANG_ENABLE_OBJC_ARC = YES;
				CLANG_ENABLE_OBJC_WEAK = YES;
				CLANG_WARN_BLOCK_CAPTURE_AUTORELEASING = YES;
				CLANG_WARN_BOOL_CONVERSION = YES;
				CLANG_WARN_COMMA = YES;
				CLANG_WARN_CONSTANT_CONVERSION = YES;
				CLANG_WARN_DEPRECATED_OBJC_IMPLEMENTATIONS = YES;
				CLANG_WARN_DIRECT_OBJC_ISA_USAGE = YES_ERROR;
				CLANG_WARN_DOCUMENTATION_COMMENTS = YES;
				CLANG_WARN_EMPTY_BODY = YES;
				CLANG_WARN_ENUM_CONVERSION = YES;
				CLANG_WARN_INFINITE_RECURSION = YES;
				CLANG_WARN_INT_CONVERSION = YES;
				CLANG_WARN_NON_LITERAL_NULL_CONVERSION = YES;
				CLANG_WARN_OBJC_IMPLICIT_RETAIN_SELF = YES;
				CLANG_WARN_OBJC_LITERAL_CONVERSION = YES;
				CLANG_WARN_OBJC_ROOT_CLASS = YES_ERROR;
				CLANG_WARN_QUOTED_INCLUDE_IN_FRAMEWORK_HEADER = YES;
				CLANG_WARN_RANGE_LOOP_ANALYSIS = YES;
				CLANG_WARN_STRICT_PROTOTYPES = YES;
				CLANG_WARN_SUSPICIOUS_MOVE = YES;
				CLANG_WARN_UNGUARDED_AVAILABILITY = YES_AGGRESSIVE;
				CLANG_WARN_UNREACHABLE_CODE = YES;
				CLANG_WARN__DUPLICATE_METHOD_MATCH = YES;
				COPY_PHASE_STRIP = NO;
				DEBUG_INFORMATION_FORMAT = "dwarf-with-dsym";
				ENABLE_NS_ASSERTIONS = NO;
				ENABLE_STRICT_OBJC_MSGSEND = YES;
				ENABLE_USER_SCRIPT_SANDBOXING = YES;
				GCC_C_LANGUAGE_STANDARD = gnu17;
				GCC_NO_COMMON_BLOCKS = YES;
				GCC_WARN_64_TO_32_BIT_CONVERSION = YES;
				GCC_WARN_ABOUT_RETURN_TYPE = YES_ERROR;
				GCC_WARN_UNDECLARED_SELECTOR = YES;
				GCC_WARN_UNINITIALIZED_AUTOS = YES_AGGRESSIVE;
				GCC_WARN_UNUSED_FUNCTION = YES;
				GCC_WARN_UNUSED_VARIABLE = YES;
				IPHONEOS_DEPLOYMENT_TARGET = 17.5;
				LOCALIZATION_PREFERS_STRING_CATALOGS = YES;
				MTL_ENABLE_DEBUG_INFO = NO;
				MTL_FAST_MATH = YES;
				SDKROOT = iphoneos;
				SWIFT_COMPILATION_MODE = wholemodule;
				VALIDATE_PRODUCT = YES;
			};
			name = Release;
		};
		A8E3FF4C2CE342B900D99766 /* Debug */ = {
			isa = XCBuildConfiguration;
			buildSettings = {
				ASSETCATALOG_COMPILER_APPICON_NAME = AppIcon;
				ASSETCATALOG_COMPILER_GLOBAL_ACCENT_COLOR_NAME = AccentColor;
				CODE_SIGN_STYLE = Automatic;
				CURRENT_PROJECT_VERSION = 1;
				GENERATE_INFOPLIST_FILE = YES;
				INFOPLIST_FILE = Pome/Info.plist;
				INFOPLIST_KEY_UIApplicationSupportsIndirectInputEvents = YES;
				INFOPLIST_KEY_UILaunchStoryboardName = LaunchScreen;
				INFOPLIST_KEY_UIMainStoryboardFile = Main;
				INFOPLIST_KEY_UISupportedInterfaceOrientations_iPad = "UIInterfaceOrientationPortrait UIInterfaceOrientationPortraitUpsideDown UIInterfaceOrientationLandscapeLeft UIInterfaceOrientationLandscapeRight";
				INFOPLIST_KEY_UISupportedInterfaceOrientations_iPhone = "UIInterfaceOrientationPortrait UIInterfaceOrientationLandscapeLeft UIInterfaceOrientationLandscapeRight";
				LD_RUNPATH_SEARCH_PATHS = (
					"$(inherited)",
					"@executable_path/Frameworks",
				);
				MARKETING_VERSION = 1.0;
				PRODUCT_BUNDLE_IDENTIFIER = com.ecs.ylxm.Pome;
				PRODUCT_NAME = "$(TARGET_NAME)";
				SWIFT_EMIT_LOC_STRINGS = YES;
				SWIFT_VERSION = 5.0;
				TARGETED_DEVICE_FAMILY = "1,2";
			};
			name = Debug;
		};
		A8E3FF4D2CE342B900D99766 /* Release */ = {
			isa = XCBuildConfiguration;
			buildSettings = {
				ASSETCATALOG_COMPILER_APPICON_NAME = AppIcon;
				ASSETCATALOG_COMPILER_GLOBAL_ACCENT_COLOR_NAME = AccentColor;
				CODE_SIGN_STYLE = Automatic;
				CURRENT_PROJECT_VERSION = 1;
				GENERATE_INFOPLIST_FILE = YES;
				INFOPLIST_FILE = Pome/Info.plist;
				INFOPLIST_KEY_UIApplicationSupportsIndirectInputEvents = YES;
				INFOPLIST_KEY_UILaunchStoryboardName = LaunchScreen;
				INFOPLIST_KEY_UIMainStoryboardFile = Main;
				INFOPLIST_KEY_UISupportedInterfaceOrientations_iPad = "UIInterfaceOrientationPortrait UIInterfaceOrientationPortraitUpsideDown UIInterfaceOrientationLandscapeLeft UIInterfaceOrientationLandscapeRight";
				INFOPLIST_KEY_UISupportedInterfaceOrientations_iPhone = "UIInterfaceOrientationPortrait UIInterfaceOrientationLandscapeLeft UIInterfaceOrientationLandscapeRight";
				LD_RUNPATH_SEARCH_PATHS = (
					"$(inherited)",
					"@executable_path/Frameworks",
				);
				MARKETING_VERSION = 1.0;
				PRODUCT_BUNDLE_IDENTIFIER = com.ecs.ylxm.Pome;
				PRODUCT_NAME = "$(TARGET_NAME)";
				SWIFT_EMIT_LOC_STRINGS = YES;
				SWIFT_VERSION = 5.0;
				TARGETED_DEVICE_FAMILY = "1,2";
			};
			name = Release;
		};
		A8E3FF4F2CE342B900D99766 /* Debug */ = {
			isa = XCBuildConfiguration;
			buildSettings = {
				ALWAYS_EMBED_SWIFT_STANDARD_LIBRARIES = YES;
				BUNDLE_LOADER = "$(TEST_HOST)";
				CODE_SIGN_STYLE = Automatic;
				CURRENT_PROJECT_VERSION = 1;
				GENERATE_INFOPLIST_FILE = YES;
				IPHONEOS_DEPLOYMENT_TARGET = 17.5;
				MARKETING_VERSION = 1.0;
				PRODUCT_BUNDLE_IDENTIFIER = com.ecs.ylxm.PomeTests;
				PRODUCT_NAME = "$(TARGET_NAME)";
				SWIFT_EMIT_LOC_STRINGS = NO;
				SWIFT_VERSION = 5.0;
				TARGETED_DEVICE_FAMILY = "1,2";
				TEST_HOST = "$(BUILT_PRODUCTS_DIR)/Pome.app/$(BUNDLE_EXECUTABLE_FOLDER_PATH)/Pome";
			};
			name = Debug;
		};
		A8E3FF502CE342B900D99766 /* Release */ = {
			isa = XCBuildConfiguration;
			buildSettings = {
				ALWAYS_EMBED_SWIFT_STANDARD_LIBRARIES = YES;
				BUNDLE_LOADER = "$(TEST_HOST)";
				CODE_SIGN_STYLE = Automatic;
				CURRENT_PROJECT_VERSION = 1;
				GENERATE_INFOPLIST_FILE = YES;
				IPHONEOS_DEPLOYMENT_TARGET = 17.5;
				MARKETING_VERSION = 1.0;
				PRODUCT_BUNDLE_IDENTIFIER = com.ecs.ylxm.PomeTests;
				PRODUCT_NAME = "$(TARGET_NAME)";
				SWIFT_EMIT_LOC_STRINGS = NO;
				SWIFT_VERSION = 5.0;
				TARGETED_DEVICE_FAMILY = "1,2";
				TEST_HOST = "$(BUILT_PRODUCTS_DIR)/Pome.app/$(BUNDLE_EXECUTABLE_FOLDER_PATH)/Pome";
			};
			name = Release;
		};
		A8E3FF522CE342B900D99766 /* Debug */ = {
			isa = XCBuildConfiguration;
			buildSettings = {
				ALWAYS_EMBED_SWIFT_STANDARD_LIBRARIES = YES;
				CODE_SIGN_STYLE = Automatic;
				CURRENT_PROJECT_VERSION = 1;
				GENERATE_INFOPLIST_FILE = YES;
				MARKETING_VERSION = 1.0;
				PRODUCT_BUNDLE_IDENTIFIER = com.ecs.ylxm.PomeUITests;
				PRODUCT_NAME = "$(TARGET_NAME)";
				SWIFT_EMIT_LOC_STRINGS = NO;
				SWIFT_VERSION = 5.0;
				TARGETED_DEVICE_FAMILY = "1,2";
				TEST_TARGET_NAME = Pome;
			};
			name = Debug;
		};
		A8E3FF532CE342B900D99766 /* Release */ = {
			isa = XCBuildConfiguration;
			buildSettings = {
				ALWAYS_EMBED_SWIFT_STANDARD_LIBRARIES = YES;
				CODE_SIGN_STYLE = Automatic;
				CURRENT_PROJECT_VERSION = 1;
				GENERATE_INFOPLIST_FILE = YES;
				MARKETING_VERSION = 1.0;
				PRODUCT_BUNDLE_IDENTIFIER = com.ecs.ylxm.PomeUITests;
				PRODUCT_NAME = "$(TARGET_NAME)";
				SWIFT_EMIT_LOC_STRINGS = NO;
				SWIFT_VERSION = 5.0;
				TARGETED_DEVICE_FAMILY = "1,2";
				TEST_TARGET_NAME = Pome;
			};
			name = Release;
		};
/* End XCBuildConfiguration section */

/* Begin XCConfigurationList section */
		A8E3FF192CE342B700D99766 /* Build configuration list for PBXProject "Pome" */ = {
			isa = XCConfigurationList;
			buildConfigurations = (
				A8E3FF492CE342B900D99766 /* Debug */,
				A8E3FF4A2CE342B900D99766 /* Release */,
			);
			defaultConfigurationIsVisible = 0;
			defaultConfigurationName = Release;
		};
		A8E3FF4B2CE342B900D99766 /* Build configuration list for PBXNativeTarget "Pome" */ = {
			isa = XCConfigurationList;
			buildConfigurations = (
				A8E3FF4C2CE342B900D99766 /* Debug */,
				A8E3FF4D2CE342B900D99766 /* Release */,
			);
			defaultConfigurationIsVisible = 0;
			defaultConfigurationName = Release;
		};
		A8E3FF4E2CE342B900D99766 /* Build configuration list for PBXNativeTarget "PomeTests" */ = {
			isa = XCConfigurationList;
			buildConfigurations = (
				A8E3FF4F2CE342B900D99766 /* Debug */,
				A8E3FF502CE342B900D99766 /* Release */,
			);
			defaultConfigurationIsVisible = 0;
			defaultConfigurationName = Release;
		};
		A8E3FF512CE342B900D99766 /* Build configuration list for PBXNativeTarget "PomeUITests" */ = {
			isa = XCConfigurationList;
			buildConfigurations = (
				A8E3FF522CE342B900D99766 /* Debug */,
				A8E3FF532CE342B900D99766 /* Release */,
			);
			defaultConfigurationIsVisible = 0;
			defaultConfigurationName = Release;
		};
/* End XCConfigurationList section */

/* Begin XCVersionGroup section */
		A8E3FF2A2CE342B700D99766 /* Pome.xcdatamodeld */ = {
			isa = XCVersionGroup;
			children = (
				A8E3FF2B2CE342B700D99766 /* Pome.xcdatamodel */,
			);
			currentVersion = A8E3FF2B2CE342B700D99766 /* Pome.xcdatamodel */;
			path = Pome.xcdatamodeld;
			sourceTree = "<group>";
			versionGroupType = wrapper.xcdatamodel;
		};
/* End XCVersionGroup section */
	};
	rootObject = A8E3FF162CE342B700D99766 /* Project object */;
}
